{
    "enumag/no-thanks": {
        "version": "v0.1.0"
    },
    "myclabs/deep-copy": {
        "version": "1.9.5"
    },
    "phar-io/manifest": {
        "version": "1.0.3"
    },
    "phar-io/version": {
        "version": "2.0.1"
    },
    "php": {
        "version": "7.3"
    },
    "phpspec/prophecy": {
        "version": "v1.10.3"
    },
    "phpunit/php-code-coverage": {
        "version": "8.0.2"
    },
    "phpunit/php-file-iterator": {
        "version": "3.0.1"
    },
    "phpunit/php-invoker": {
        "version": "3.0.0"
    },
    "phpunit/php-text-template": {
        "version": "2.0.0"
    },
    "phpunit/php-timer": {
        "version": "5.0.0"
    },
    "phpunit/php-token-stream": {
        "version": "4.0.1"
    },
    "phpunit/phpunit": {
        "version": "4.7",
        "recipe": {
            "repo": "github.com/symfony/recipes",
            "branch": "master",
            "version": "4.7",
            "ref": "00fdb38c318774cd39f475a753028a5e8d25d47c"
        },
        "files": [
            ".env.test",
            "phpunit.xml.dist",
            "tests/bootstrap.php"
        ]
    },
    "sebastian/code-unit": {
        "version": "1.0.2"
    },
    "sebastian/code-unit-reverse-lookup": {
        "version": "2.0.0"
    },
    "sebastian/comparator": {
        "version": "4.0.0"
    },
    "sebastian/diff": {
        "version": "4.0.1"
    },
    "sebastian/environment": {
        "version": "5.1.0"
    },
    "sebastian/exporter": {
        "version": "4.0.0"
    },
    "sebastian/global-state": {
        "version": "4.0.0"
    },
    "sebastian/object-enumerator": {
        "version": "4.0.0"
    },
    "sebastian/object-reflector": {
        "version": "2.0.0"
    },
    "sebastian/recursion-context": {
        "version": "4.0.0"
    },
    "sebastian/resource-operations": {
        "version": "3.0.0"
    },
    "sebastian/type": {
        "version": "2.1.0"
    },
    "sebastian/version": {
        "version": "3.0.0"
    },
    "theseer/tokenizer": {
        "version": "1.1.3"
    }
}
