{
    "dama/doctrine-test-bundle": {
        "version": "4.0",
        "recipe": {
            "repo": "github.com/symfony/recipes-contrib",
            "branch": "master",
            "version": "4.0",
            "ref": "56eaa387b5e48ebcc7c95a893b47dfa1ad51449c"
        },
        "files": [
            "config/packages/test/dama_doctrine_test_bundle.yaml"
        ]
    },
    "doctrine/deprecations": {
        "version": "v0.5.3"
    },
    "ezyang/htmlpurifier": {
        "version": "v4.13.0"
    },
    "friendsofphp/proxy-manager-lts": {
        "version": "v1.0.1"
    },
    "php": {
        "version": "7.3"
    },
    "symfony/password-hasher": {
        "version": "v5.3.0"
    },
    "symfony/polyfill-php81": {
        "version": "v1.23.0"
    },
    "symfony/proxy-manager-bridge": {
        "version": "v5.2.1"
    }
}
